
Microsoft Visual Studio Solution File, Format Version 12.00
# Visual Studio Version 16
VisualStudioVersion = 16.0.31112.23
MinimumVisualStudioVersion = 10.0.40219.1
Project("{FAE04EC0-301F-11D3-BF4B-00C04F79EFBC}") = "Torneos_Futbol", "Torneos_Futbol.csproj", "{5E1E3CF3-D93F-41BE-B2DF-644B33F5F3CD}"
EndProject
Global
	GlobalSection(SolutionConfigurationPlatforms) = preSolution
		Debug|Any CPU = Debug|Any CPU
		Release|Any CPU = Release|Any CPU
	EndGlobalSection
	GlobalSection(ProjectConfigurationPlatforms) = postSolution
		{5E1E3CF3-D93F-41BE-B2DF-644B33F5F3CD}.Debug|Any CPU.ActiveCfg = Debug|Any CPU
		{5E1E3CF3-D93F-41BE-B2DF-644B33F5F3CD}.Debug|Any CPU.Build.0 = Debug|Any CPU
		{5E1E3CF3-D93F-41BE-B2DF-644B33F5F3CD}.Release|Any CPU.ActiveCfg = Release|Any CPU
		{5E1E3CF3-D93F-41BE-B2DF-644B33F5F3CD}.Release|Any CPU.Build.0 = Release|Any CPU
	EndGlobalSection
	GlobalSection(SolutionProperties) = preSolution
		HideSolutionNode = FALSE
	EndGlobalSection
	GlobalSection(ExtensibilityGlobals) = postSolution
		SolutionGuid = {7FA49A5F-BBD3-4A76-9C43-3BB2BF498013}
	EndGlobalSection
EndGlobal
